Microsoft Visual Studio Solution File, Format Version 12.00
# Visual Studio Version 17
VisualStudioVersion = 17.5.2.0
MinimumVisualStudioVersion = 10.0.40219.1
Project("{FAE04EC0-301F-11D3-BF4B-00C04F79EFBC}") = "drawing_program", "drawing_program.csproj", "{844029FF-F4F2-2F82-E59A-B1FD5D8BCE3B}"
EndProject
Global
	GlobalSection(SolutionConfigurationPlatforms) = preSolution
		Debug|Any CPU = Debug|Any CPU
		Release|Any CPU = Release|Any CPU
	EndGlobalSection
	GlobalSection(ProjectConfigurationPlatforms) = postSolution
		{844029FF-F4F2-2F82-E59A-B1FD5D8BCE3B}.Debug|Any CPU.ActiveCfg = Debug|Any CPU
		{844029FF-F4F2-2F82-E59A-B1FD5D8BCE3B}.Debug|Any CPU.Build.0 = Debug|Any CPU
		{844029FF-F4F2-2F82-E59A-B1FD5D8BCE3B}.Release|Any CPU.ActiveCfg = Release|Any CPU
		{844029FF-F4F2-2F82-E59A-B1FD5D8BCE3B}.Release|Any CPU.Build.0 = Release|Any CPU
	EndGlobalSection
	GlobalSection(SolutionProperties) = preSolution
		HideSolutionNode = FALSE
	EndGlobalSection
	GlobalSection(ExtensibilityGlobals) = postSolution
		SolutionGuid = {777DDD5E-29DA-45A4-9AD9-8B8ACE5ACE56}
	EndGlobalSection
EndGlobal
